---
mruby:
  version: 4.0.0
  release_no: 40000
  git_commit: 524586c3e9057a216943d1dc62438c350a799f14
builds:
  host:
    https://github.com/Asmod4n/mruby-io_uring.git:
      url: https://github.com/Asmod4n/mruby-io_uring.git
      branch: main
      commit: 439a98c552f2a2377431e9f6a5768ec293600986
      version: 0.10.0
    https://github.com/Asmod4n/mruby-phr.git:
      url: https://github.com/Asmod4n/mruby-phr.git
      branch: master
      commit: 8ea875fd117c06f25d5c0b0d3dfd00025526b370
      version: 0.0.0
    https://github.com/Asmod4n/mruby-chrono.git:
      url: https://github.com/Asmod4n/mruby-chrono.git
      branch: master
      commit: 42ea6b1eb8481cc40a15caedab3d84c1d426a728
      version: 0.0.0
    https://github.com/Asmod4n/mruby-c-ext-helpers.git:
      url: https://github.com/Asmod4n/mruby-c-ext-helpers.git
      branch: master
      commit: 01d260f00f5d13e75c90ddc8c0de7e519f732dfc
      version: 0.3.0
